
Microsoft Visual Studio Solution File, Format Version 12.00
# Visual Studio Version 17
VisualStudioVersion = 17.7.34202.233
MinimumVisualStudioVersion = 10.0.40219.1
Project("{8BC9CEB8-8B4A-11D0-8D11-00A0C91BC942}") = "SMTPEmail", "SMTPEmail\SMTPEmail.vcxproj", "{49EE3BA9-EA2A-400F-887C-5A468AD9A48B}"
EndProject
Global
	GlobalSection(SolutionConfigurationPlatforms) = preSolution
		Debug|x64 = Debug|x64
		Debug|x86 = Debug|x86
		Release|x64 = Release|x64
		Release|x86 = Release|x86
	EndGlobalSection
	GlobalSection(ProjectConfigurationPlatforms) = postSolution
		{49EE3BA9-EA2A-400F-887C-5A468AD9A48B}.Debug|x64.ActiveCfg = Debug|x64
		{49EE3BA9-EA2A-400F-887C-5A468AD9A48B}.Debug|x64.Build.0 = Debug|x64
		{49EE3BA9-EA2A-400F-887C-5A468AD9A48B}.Debug|x86.ActiveCfg = Debug|Win32
		{49EE3BA9-EA2A-400F-887C-5A468AD9A48B}.Debug|x86.Build.0 = Debug|Win32
		{49EE3BA9-EA2A-400F-887C-5A468AD9A48B}.Release|x64.ActiveCfg = Release|x64
		{49EE3BA9-EA2A-400F-887C-5A468AD9A48B}.Release|x64.Build.0 = Release|x64
		{49EE3BA9-EA2A-400F-887C-5A468AD9A48B}.Release|x86.ActiveCfg = Release|Win32
		{49EE3BA9-EA2A-400F-887C-5A468AD9A48B}.Release|x86.Build.0 = Release|Win32
	EndGlobalSection
	GlobalSection(SolutionProperties) = preSolution
		HideSolutionNode = FALSE
	EndGlobalSection
	GlobalSection(ExtensibilityGlobals) = postSolution
		SolutionGuid = {AD782C88-4941-486B-A2A0-8E078C8827A9}
	EndGlobalSection
EndGlobal
